
Microsoft Visual Studio Solution File, Format Version 12.00
# Visual Studio Version 16
VisualStudioVersion = 16.0.29806.167
MinimumVisualStudioVersion = 10.0.40219.1
Project("{FAE04EC0-301F-11D3-BF4B-00C04F79EFBC}") = "POS-UI", "POS-UI\POS-UI.csproj", "{39E83739-6F1B-479A-9AFD-E2D0CF95FBAB}"
EndProject
Project("{00D1A9C2-B5F0-4AF3-8072-F6C62B433612}") = "POS-DB", "POS-DB\POS-DB.sqlproj", "{F3C7CE0C-CB74-4FAD-9803-D137D347E593}"
EndProject
Global
	GlobalSection(SolutionConfigurationPlatforms) = preSolution
		Debug|Any CPU = Debug|Any CPU
		Release|Any CPU = Release|Any CPU
	EndGlobalSection
	GlobalSection(ProjectConfigurationPlatforms) = postSolution
		{39E83739-6F1B-479A-9AFD-E2D0CF95FBAB}.Debug|Any CPU.ActiveCfg = Debug|Any CPU
		{39E83739-6F1B-479A-9AFD-E2D0CF95FBAB}.Debug|Any CPU.Build.0 = Debug|Any CPU
		{39E83739-6F1B-479A-9AFD-E2D0CF95FBAB}.Release|Any CPU.ActiveCfg = Release|Any CPU
		{39E83739-6F1B-479A-9AFD-E2D0CF95FBAB}.Release|Any CPU.Build.0 = Release|Any CPU
		{F3C7CE0C-CB74-4FAD-9803-D137D347E593}.Debug|Any CPU.ActiveCfg = Debug|Any CPU
		{F3C7CE0C-CB74-4FAD-9803-D137D347E593}.Debug|Any CPU.Build.0 = Debug|Any CPU
		{F3C7CE0C-CB74-4FAD-9803-D137D347E593}.Debug|Any CPU.Deploy.0 = Debug|Any CPU
		{F3C7CE0C-CB74-4FAD-9803-D137D347E593}.Release|Any CPU.ActiveCfg = Release|Any CPU
		{F3C7CE0C-CB74-4FAD-9803-D137D347E593}.Release|Any CPU.Build.0 = Release|Any CPU
		{F3C7CE0C-CB74-4FAD-9803-D137D347E593}.Release|Any CPU.Deploy.0 = Release|Any CPU
	EndGlobalSection
	GlobalSection(SolutionProperties) = preSolution
		HideSolutionNode = FALSE
	EndGlobalSection
	GlobalSection(ExtensibilityGlobals) = postSolution
		SolutionGuid = {458FA3E2-6FC2-47AB-A9E3-AA1B26898461}
	EndGlobalSection
EndGlobal
